
Microsoft Visual Studio Solution File, Format Version 12.00
# Visual Studio 15
VisualStudioVersion = 15.0.27703.2018
MinimumVisualStudioVersion = 10.0.40219.1
Project("{FAE04EC0-301F-11D3-BF4B-00C04F79EFBC}") = "WindowsShutdown", "WindowsShutdown\WindowsShutdown.csproj", "{1E948EC7-F704-4BB7-9C6E-9B7F2BAC2BF7}"
EndProject
Global
	GlobalSection(SolutionConfigurationPlatforms) = preSolution
		Debug|Any CPU = Debug|Any CPU
		Release|Any CPU = Release|Any CPU
	EndGlobalSection
	GlobalSection(ProjectConfigurationPlatforms) = postSolution
		{1E948EC7-F704-4BB7-9C6E-9B7F2BAC2BF7}.Debug|Any CPU.ActiveCfg = Debug|Any CPU
		{1E948EC7-F704-4BB7-9C6E-9B7F2BAC2BF7}.Debug|Any CPU.Build.0 = Debug|Any CPU
		{1E948EC7-F704-4BB7-9C6E-9B7F2BAC2BF7}.Release|Any CPU.ActiveCfg = Release|Any CPU
		{1E948EC7-F704-4BB7-9C6E-9B7F2BAC2BF7}.Release|Any CPU.Build.0 = Release|Any CPU
	EndGlobalSection
	GlobalSection(SolutionProperties) = preSolution
		HideSolutionNode = FALSE
	EndGlobalSection
	GlobalSection(ExtensibilityGlobals) = postSolution
		SolutionGuid = {993F6063-A2A5-4334-A7BD-EF4B462EFA6B}
	EndGlobalSection
EndGlobal
